
Microsoft Visual Studio Solution File, Format Version 12.00
# Visual Studio 15
VisualStudioVersion = 15.0.27130.2027
MinimumVisualStudioVersion = 10.0.40219.1
Project("{FAE04EC0-301F-11D3-BF4B-00C04F79EFBC}") = "TabbedPageApp.Android", "TabbedPageApp\TabbedPageApp.Android\TabbedPageApp.Android.csproj", "{1821FB52-D740-4CD6-AA9B-C3C7E05DB7F8}"
EndProject
Project("{FAE04EC0-301F-11D3-BF4B-00C04F79EFBC}") = "TabbedPageApp.iOS", "TabbedPageApp\TabbedPageApp.iOS\TabbedPageApp.iOS.csproj", "{D66EA90F-6674-4632-A81E-C311F92F045F}"
EndProject
Project("{FAE04EC0-301F-11D3-BF4B-00C04F79EFBC}") = "TabbedPageApp", "TabbedPageApp\TabbedPageApp\TabbedPageApp.csproj", "{A7261291-AB6A-4EBF-812B-55BA346316BE}"
EndProject
Global
	GlobalSection(SolutionConfigurationPlatforms) = preSolution
		Ad-Hoc|Any CPU = Ad-Hoc|Any CPU
		Ad-Hoc|iPhone = Ad-Hoc|iPhone
		Ad-Hoc|iPhoneSimulator = Ad-Hoc|iPhoneSimulator
		AppStore|Any CPU = AppStore|Any CPU
		AppStore|iPhone = AppStore|iPhone
		AppStore|iPhoneSimulator = AppStore|iPhoneSimulator
		Debug|Any CPU = Debug|Any CPU
		Debug|iPhone = Debug|iPhone
		Debug|iPhoneSimulator = Debug|iPhoneSimulator
		Release|Any CPU = Release|Any CPU
		Release|iPhone = Release|iPhone
		Release|iPhoneSimulator = Release|iPhoneSimulator
	EndGlobalSection
	GlobalSection(ProjectConfigurationPlatforms) = postSolution
		{1821FB52-D740-4CD6-AA9B-C3C7E05DB7F8}.Ad-Hoc|Any CPU.ActiveCfg = Release|Any CPU
		{1821FB52-D740-4CD6-AA9B-C3C7E05DB7F8}.Ad-Hoc|Any CPU.Build.0 = Release|Any CPU
		{1821FB52-D740-4CD6-AA9B-C3C7E05DB7F8}.Ad-Hoc|Any CPU.Deploy.0 = Release|Any CPU
		{1821FB52-D740-4CD6-AA9B-C3C7E05DB7F8}.Ad-Hoc|iPhone.ActiveCfg = Release|Any CPU
		{1821FB52-D740-4CD6-AA9B-C3C7E05DB7F8}.Ad-Hoc|iPhone.Build.0 = Release|Any CPU
		{1821FB52-D740-4CD6-AA9B-C3C7E05DB7F8}.Ad-Hoc|iPhone.Deploy.0 = Release|Any CPU
		{1821FB52-D740-4CD6-AA9B-C3C7E05DB7F8}.Ad-Hoc|iPhoneSimulator.ActiveCfg = Release|Any CPU
		{1821FB52-D740-4CD6-AA9B-C3C7E05DB7F8}.Ad-Hoc|iPhoneSimulator.Build.0 = Release|Any CPU
		{1821FB52-D740-4CD6-AA9B-C3C7E05DB7F8}.Ad-Hoc|iPhoneSimulator.Deploy.0 = Release|Any CPU
		{1821FB52-D740-4CD6-AA9B-C3C7E05DB7F8}.AppStore|Any CPU.ActiveCfg = Release|Any CPU
		{1821FB52-D740-4CD6-AA9B-C3C7E05DB7F8}.AppStore|Any CPU.Build.0 = Release|Any CPU
		{1821FB52-D740-4CD6-AA9B-C3C7E05DB7F8}.AppStore|Any CPU.Deploy.0 = Release|Any CPU
		{1821FB52-D740-4CD6-AA9B-C3C7E05DB7F8}.AppStore|iPhone.ActiveCfg = Release|Any CPU
		{1821FB52-D740-4CD6-AA9B-C3C7E05DB7F8}.AppStore|iPhone.Build.0 = Release|Any CPU
		{1821FB52-D740-4CD6-AA9B-C3C7E05DB7F8}.AppStore|iPhone.Deploy.0 = Release|Any CPU
		{1821FB52-D740-4CD6-AA9B-C3C7E05DB7F8}.AppStore|iPhoneSimulator.ActiveCfg = Release|Any CPU
		{1821FB52-D740-4CD6-AA9B-C3C7E05DB7F8}.AppStore|iPhoneSimulator.Build.0 = Release|Any CPU
		{1821FB52-D740-4CD6-AA9B-C3C7E05DB7F8}.AppStore|iPhoneSimulator.Deploy.0 = Release|Any CPU
		{1821FB52-D740-4CD6-AA9B-C3C7E05DB7F8}.Debug|Any CPU.ActiveCfg = Debug|Any CPU
		{1821FB52-D740-4CD6-AA9B-C3C7E05DB7F8}.Debug|Any CPU.Build.0 = Debug|Any CPU
		{1821FB52-D740-4CD6-AA9B-C3C7E05DB7F8}.Debug|Any CPU.Deploy.0 = Debug|Any CPU
		{1821FB52-D740-4CD6-AA9B-C3C7E05DB7F8}.Debug|iPhone.ActiveCfg = Debug|Any CPU
		{1821FB52-D740-4CD6-AA9B-C3C7E05DB7F8}.Debug|iPhone.Build.0 = Debug|Any CPU
		{1821FB52-D740-4CD6-AA9B-C3C7E05DB7F8}.Debug|iPhone.Deploy.0 = Debug|Any CPU
		{1821FB52-D740-4CD6-AA9B-C3C7E05DB7F8}.Debug|iPhoneSimulator.ActiveCfg = Debug|Any CPU
		{1821FB52-D740-4CD6-AA9B-C3C7E05DB7F8}.Debug|iPhoneSimulator.Build.0 = Debug|Any CPU
		{1821FB52-D740-4CD6-AA9B-C3C7E05DB7F8}.Debug|iPhoneSimulator.Deploy.0 = Debug|Any CPU
		{1821FB52-D740-4CD6-AA9B-C3C7E05DB7F8}.Release|Any CPU.ActiveCfg = Release|Any CPU
		{1821FB52-D740-4CD6-AA9B-C3C7E05DB7F8}.Release|Any CPU.Build.0 = Release|Any CPU
		{1821FB52-D740-4CD6-AA9B-C3C7E05DB7F8}.Release|Any CPU.Deploy.0 = Release|Any CPU
		{1821FB52-D740-4CD6-AA9B-C3C7E05DB7F8}.Release|iPhone.ActiveCfg = Release|Any CPU
		{1821FB52-D740-4CD6-AA9B-C3C7E05DB7F8}.Release|iPhone.Build.0 = Release|Any CPU
		{1821FB52-D740-4CD6-AA9B-C3C7E05DB7F8}.Release|iPhone.Deploy.0 = Release|Any CPU
		{1821FB52-D740-4CD6-AA9B-C3C7E05DB7F8}.Release|iPhoneSimulator.ActiveCfg = Release|Any CPU
		{1821FB52-D740-4CD6-AA9B-C3C7E05DB7F8}.Release|iPhoneSimulator.Build.0 = Release|Any CPU
		{1821FB52-D740-4CD6-AA9B-C3C7E05DB7F8}.Release|iPhoneSimulator.Deploy.0 = Release|Any CPU
		{D66EA90F-6674-4632-A81E-C311F92F045F}.Ad-Hoc|Any CPU.ActiveCfg = Ad-Hoc|iPhone
		{D66EA90F-6674-4632-A81E-C311F92F045F}.Ad-Hoc|iPhone.ActiveCfg = Ad-Hoc|iPhone
		{D66EA90F-6674-4632-A81E-C311F92F045F}.Ad-Hoc|iPhone.Build.0 = Ad-Hoc|iPhone
		{D66EA90F-6674-4632-A81E-C311F92F045F}.Ad-Hoc|iPhoneSimulator.ActiveCfg = Ad-Hoc|iPhoneSimulator
		{D66EA90F-6674-4632-A81E-C311F92F045F}.Ad-Hoc|iPhoneSimulator.Build.0 = Ad-Hoc|iPhoneSimulator
		{D66EA90F-6674-4632-A81E-C311F92F045F}.AppStore|Any CPU.ActiveCfg = AppStore|iPhone
		{D66EA90F-6674-4632-A81E-C311F92F045F}.AppStore|iPhone.ActiveCfg = AppStore|iPhone
		{D66EA90F-6674-4632-A81E-C311F92F045F}.AppStore|iPhone.Build.0 = AppStore|iPhone
		{D66EA90F-6674-4632-A81E-C311F92F045F}.AppStore|iPhoneSimulator.ActiveCfg = AppStore|iPhoneSimulator
		{D66EA90F-6674-4632-A81E-C311F92F045F}.AppStore|iPhoneSimulator.Build.0 = AppStore|iPhoneSimulator
		{D66EA90F-6674-4632-A81E-C311F92F045F}.Debug|Any CPU.ActiveCfg = Debug|iPhone
		{D66EA90F-6674-4632-A81E-C311F92F045F}.Debug|iPhone.ActiveCfg = Debug|iPhone
		{D66EA90F-6674-4632-A81E-C311F92F045F}.Debug|iPhone.Build.0 = Debug|iPhone
		{D66EA90F-6674-4632-A81E-C311F92F045F}.Debug|iPhoneSimulator.ActiveCfg = Debug|iPhoneSimulator
		{D66EA90F-6674-4632-A81E-C311F92F045F}.Debug|iPhoneSimulator.Build.0 = Debug|iPhoneSimulator
		{D66EA90F-6674-4632-A81E-C311F92F045F}.Release|Any CPU.ActiveCfg = Release|iPhone
		{D66EA90F-6674-4632-A81E-C311F92F045F}.Release|iPhone.ActiveCfg = Release|iPhone
		{D66EA90F-6674-4632-A81E-C311F92F045F}.Release|iPhone.Build.0 = Release|iPhone
		{D66EA90F-6674-4632-A81E-C311F92F045F}.Release|iPhoneSimulator.ActiveCfg = Release|iPhoneSimulator
		{D66EA90F-6674-4632-A81E-C311F92F045F}.Release|iPhoneSimulator.Build.0 = Release|iPhoneSimulator
		{A7261291-AB6A-4EBF-812B-55BA346316BE}.Ad-Hoc|Any CPU.ActiveCfg = Debug|Any CPU
		{A7261291-AB6A-4EBF-812B-55BA346316BE}.Ad-Hoc|Any CPU.Build.0 = Debug|Any CPU
		{A7261291-AB6A-4EBF-812B-55BA346316BE}.Ad-Hoc|iPhone.ActiveCfg = Debug|Any CPU
		{A7261291-AB6A-4EBF-812B-55BA346316BE}.Ad-Hoc|iPhone.Build.0 = Debug|Any CPU
		{A7261291-AB6A-4EBF-812B-55BA346316BE}.Ad-Hoc|iPhoneSimulator.ActiveCfg = Debug|Any CPU
		{A7261291-AB6A-4EBF-812B-55BA346316BE}.Ad-Hoc|iPhoneSimulator.Build.0 = Debug|Any CPU
		{A7261291-AB6A-4EBF-812B-55BA346316BE}.AppStore|Any CPU.ActiveCfg = Debug|Any CPU
		{A7261291-AB6A-4EBF-812B-55BA346316BE}.AppStore|Any CPU.Build.0 = Debug|Any CPU
		{A7261291-AB6A-4EBF-812B-55BA346316BE}.AppStore|iPhone.ActiveCfg = Debug|Any CPU
		{A7261291-AB6A-4EBF-812B-55BA346316BE}.AppStore|iPhone.Build.0 = Debug|Any CPU
		{A7261291-AB6A-4EBF-812B-55BA346316BE}.AppStore|iPhoneSimulator.ActiveCfg = Debug|Any CPU
		{A7261291-AB6A-4EBF-812B-55BA346316BE}.AppStore|iPhoneSimulator.Build.0 = Debug|Any CPU
		{A7261291-AB6A-4EBF-812B-55BA346316BE}.Debug|Any CPU.ActiveCfg = Debug|Any CPU
		{A7261291-AB6A-4EBF-812B-55BA346316BE}.Debug|Any CPU.Build.0 = Debug|Any CPU
		{A7261291-AB6A-4EBF-812B-55BA346316BE}.Debug|iPhone.ActiveCfg = Debug|Any CPU
		{A7261291-AB6A-4EBF-812B-55BA346316BE}.Debug|iPhone.Build.0 = Debug|Any CPU
		{A7261291-AB6A-4EBF-812B-55BA346316BE}.Debug|iPhoneSimulator.ActiveCfg = Debug|Any CPU
		{A7261291-AB6A-4EBF-812B-55BA346316BE}.Debug|iPhoneSimulator.Build.0 = Debug|Any CPU
		{A7261291-AB6A-4EBF-812B-55BA346316BE}.Release|Any CPU.ActiveCfg = Release|Any CPU
		{A7261291-AB6A-4EBF-812B-55BA346316BE}.Release|Any CPU.Build.0 = Release|Any CPU
		{A7261291-AB6A-4EBF-812B-55BA346316BE}.Release|iPhone.ActiveCfg = Release|Any CPU
		{A7261291-AB6A-4EBF-812B-55BA346316BE}.Release|iPhone.Build.0 = Release|Any CPU
		{A7261291-AB6A-4EBF-812B-55BA346316BE}.Release|iPhoneSimulator.ActiveCfg = Release|Any CPU
		{A7261291-AB6A-4EBF-812B-55BA346316BE}.Release|iPhoneSimulator.Build.0 = Release|Any CPU
	EndGlobalSection
	GlobalSection(SolutionProperties) = preSolution
		HideSolutionNode = FALSE
	EndGlobalSection
	GlobalSection(ExtensibilityGlobals) = postSolution
		SolutionGuid = {82E10E46-1FD9-4BAB-9081-2DA5825D4239}
	EndGlobalSection
EndGlobal
